
Microsoft Visual Studio Solution File, Format Version 12.00
# Visual Studio Version 16
VisualStudioVersion = 16.0.31624.102
MinimumVisualStudioVersion = 10.0.40219.1
Project("{FAE04EC0-301F-11D3-BF4B-00C04F79EFBC}") = "MouseClicker", "MouseClicker\MouseClicker.csproj", "{A26F2504-E361-4039-AEE6-4D5075F22024}"
EndProject
Global
	GlobalSection(SolutionConfigurationPlatforms) = preSolution
		Debug|Any CPU = Debug|Any CPU
		Release|Any CPU = Release|Any CPU
	EndGlobalSection
	GlobalSection(ProjectConfigurationPlatforms) = postSolution
		{A26F2504-E361-4039-AEE6-4D5075F22024}.Debug|Any CPU.ActiveCfg = Debug|Any CPU
		{A26F2504-E361-4039-AEE6-4D5075F22024}.Debug|Any CPU.Build.0 = Debug|Any CPU
		{A26F2504-E361-4039-AEE6-4D5075F22024}.Release|Any CPU.ActiveCfg = Release|Any CPU
		{A26F2504-E361-4039-AEE6-4D5075F22024}.Release|Any CPU.Build.0 = Release|Any CPU
	EndGlobalSection
	GlobalSection(SolutionProperties) = preSolution
		HideSolutionNode = FALSE
	EndGlobalSection
	GlobalSection(ExtensibilityGlobals) = postSolution
		SolutionGuid = {881E6056-9E20-4A30-95CB-A1D8F7565EFB}
	EndGlobalSection
EndGlobal
